hash: 589c5e8bf1fec545cffc5077043d4b1f81e117821b1b4046903202236c0aaf8f
updated: 2018-11-15T16:22:13.533816+08:00
imports:
- name: github.com/gin-contrib/sse
  version: 22d885f9ecc78bf4ee5d72b937e4bbcdc58e8cae
- name: github.com/gin-gonic/gin
  version: b869fe1415e4b9eb52f247441830d502aece2d4d
  subpackages:
  - binding
  - examples/grpc/pb
  - json
  - render
- name: github.com/go-sql-driver/mysql
  version: 369b5d6e5e8e108ed4ae2f2b1607d444b3807dfb
- name: github.com/golang/protobuf
  version: 951a149f90371fb8858c6c979d03bb2583611052
  subpackages:
  - proto
  - protoc-gen-go/descriptor
  - ptypes
  - ptypes/any
  - ptypes/duration
  - ptypes/timestamp
- name: github.com/joho/godotenv
  version: 23d116af351c84513e1946b527c88823e476be13
- name: github.com/json-iterator/go
  version: 1624edc4454b8682399def8740d46db5e4362ba4
- name: github.com/mattn/go-isatty
  version: 3fb116b820352b7f0c281308a4d6250c22d94e27
- name: github.com/modern-go/concurrent
  version: bacd9c7ef1dd9b15be4a9909b8ac7a4e313eec94
- name: github.com/modern-go/reflect2
  version: 94122c33edd36123c84d5368cfb2b69df93a0ec8
- name: github.com/pquerna/ffjson
  version: e517b90714f7c0eabe6d2e570a5886ae077d6db6
  subpackages:
  - ffjson
  - fflib/v1
  - fflib/v1/internal
- name: github.com/speps/go-hashids
  version: ad304c6ede07ca1f915c30a5510c45860aa165a7
- name: github.com/ugorji/go
  version: e5e69e061d4f7ee3a69b793cf9c1b41afe21918e
  subpackages:
  - codec
- name: go.uber.org/atomic
  version: 1ea20fb1cbb1cc08cbd0d913a96dead89aa18289
- name: go.uber.org/multierr
  version: 3c4937480c32f4c13a875a1829af76c98ca3d40a
- name: go.uber.org/zap
  version: ff33455a0e382e8a81d14dd7c922020b6b5e7982
  subpackages:
  - buffer
  - internal/bufferpool
  - internal/color
  - internal/exit
  - zapcore
- name: golang.org/x/net
  version: adae6a3d119ae4890b46832a2e88a95adc62b8e7
  subpackages:
  - context
  - http/httpguts
  - http2
  - http2/hpack
  - idna
  - internal/timeseries
  - trace
- name: golang.org/x/sys
  version: 66b7b1311ac80bbafcd2daeef9a5e6e2cd1e2399
  subpackages:
  - unix
- name: golang.org/x/text
  version: 6f44c5a2ea40ee3593d98cdcc905cc1fdaa660e2
  subpackages:
  - secure/bidirule
  - transform
  - unicode/bidi
  - unicode/norm
- name: google.golang.org/appengine
  version: 4a4468ece617fc8205e99368fa2200e9d1fad421
  subpackages:
  - cloudsql
- name: google.golang.org/genproto
  version: b5d43981345bdb2c233eb4bf3277847b48c6fdc6
  subpackages:
  - googleapis/rpc/status
- name: google.golang.org/grpc
  version: 2e463a05d100327ca47ac218281906921038fd95
  subpackages:
  - balancer
  - balancer/base
  - balancer/roundrobin
  - codes
  - connectivity
  - credentials
  - encoding
  - encoding/proto
  - grpclog
  - internal
  - internal/backoff
  - internal/channelz
  - internal/envconfig
  - internal/grpcrand
  - internal/transport
  - keepalive
  - metadata
  - naming
  - peer
  - reflection
  - reflection/grpc_reflection_v1alpha
  - resolver
  - resolver/dns
  - resolver/passthrough
  - stats
  - status
  - tap
- name: gopkg.in/go-playground/validator.v8
  version: 5f1438d3fca68893a817e4a66806cea46a9e4ebf
- name: gopkg.in/redis.v5
  version: a16aeec10ff407b1e7be6dd35797ccf5426ef0f0
  subpackages:
  - internal
  - internal/consistenthash
  - internal/hashtag
  - internal/pool
  - internal/proto
- name: gopkg.in/yaml.v2
  version: 5420a8b6744d3b0345ab293f6fcba19c978f1183
- name: upper.io/db.v2
  version: 8544b8fc3142083db9ddc776a99bbb95e35aa771
  subpackages:
  - internal/cache
  - internal/cache/hashstructure
  - internal/sqladapter
  - internal/sqladapter/exql
  - lib/reflectx
  - lib/sqlbuilder
  - mysql
testImports:
- name: github.com/davecgh/go-spew
  version: d8f796af33cc11cb798c1aaeb27a4ebc5099927d
  subpackages:
  - spew
- name: github.com/pmezard/go-difflib
  version: 792786c7400a136282c1664665ae0a8db921c6c2
  subpackages:
  - difflib
- name: github.com/stretchr/testify
  version: 04af85275a5c7ac09d16bb3b9b2e751ed45154e5
  subpackages:
  - assert
